Microsoft Visual Studio Solution File, Format Version 12.00
# Visual Studio Version 17
VisualStudioVersion = 17.5.2.0
MinimumVisualStudioVersion = 10.0.40219.1
Project("{FAE04EC0-301F-11D3-BF4B-00C04F79EFBC}") = "WpfGemini", "WpfGemini.csproj", "{B7D94980-2240-E5D6-2430-B66E710E4CA0}"
EndProject
Global
	GlobalSection(SolutionConfigurationPlatforms) = preSolution
		Debug|Any CPU = Debug|Any CPU
		Release|Any CPU = Release|Any CPU
	EndGlobalSection
	GlobalSection(ProjectConfigurationPlatforms) = postSolution
		{B7D94980-2240-E5D6-2430-B66E710E4CA0}.Debug|Any CPU.ActiveCfg = Debug|Any CPU
		{B7D94980-2240-E5D6-2430-B66E710E4CA0}.Debug|Any CPU.Build.0 = Debug|Any CPU
		{B7D94980-2240-E5D6-2430-B66E710E4CA0}.Release|Any CPU.ActiveCfg = Release|Any CPU
		{B7D94980-2240-E5D6-2430-B66E710E4CA0}.Release|Any CPU.Build.0 = Release|Any CPU
	EndGlobalSection
	GlobalSection(SolutionProperties) = preSolution
		HideSolutionNode = FALSE
	EndGlobalSection
	GlobalSection(ExtensibilityGlobals) = postSolution
		SolutionGuid = {2E5463A8-9B50-4117-B6A6-7B2729E58776}
	EndGlobalSection
EndGlobal
