
Microsoft Visual Studio Solution File, Format Version 12.00
# Visual Studio Version 17
VisualStudioVersion = 17.0.31912.275
MinimumVisualStudioVersion = 10.0.40219.1
Project("{FAE04EC0-301F-11D3-BF4B-00C04F79EFBC}") = "WpfGemini", "WpfEditorGemini\WpfGemini.csproj", "{8044DD7B-86EA-4F63-880D-FE0B413E473D}"
EndProject
Project("{FAE04EC0-301F-11D3-BF4B-00C04F79EFBC}") = "RuntimeConfig.Core", "RuntimeConfig.Core\RuntimeConfig.Core.csproj", "{EDACF050-99CF-4E48-8A39-55774F516380}"
EndProject
Global
	GlobalSection(SolutionConfigurationPlatforms) = preSolution
		Debug|Any CPU = Debug|Any CPU
		Debug|x64 = Debug|x64
		Debug|x86 = Debug|x86
		Release|Any CPU = Release|Any CPU
		Release|x64 = Release|x64
		Release|x86 = Release|x86
	EndGlobalSection
	GlobalSection(ProjectConfigurationPlatforms) = postSolution
		{8044DD7B-86EA-4F63-880D-FE0B413E473D}.Debug|Any CPU.ActiveCfg = Debug|Any CPU
		{8044DD7B-86EA-4F63-880D-FE0B413E473D}.Debug|Any CPU.Build.0 = Debug|Any CPU
		{8044DD7B-86EA-4F63-880D-FE0B413E473D}.Debug|x64.ActiveCfg = Debug|Any CPU
		{8044DD7B-86EA-4F63-880D-FE0B413E473D}.Debug|x64.Build.0 = Debug|Any CPU
		{8044DD7B-86EA-4F63-880D-FE0B413E473D}.Debug|x86.ActiveCfg = Debug|Any CPU
		{8044DD7B-86EA-4F63-880D-FE0B413E473D}.Debug|x86.Build.0 = Debug|Any CPU
		{8044DD7B-86EA-4F63-880D-FE0B413E473D}.Release|Any CPU.ActiveCfg = Release|Any CPU
		{8044DD7B-86EA-4F63-880D-FE0B413E473D}.Release|Any CPU.Build.0 = Release|Any CPU
		{8044DD7B-86EA-4F63-880D-FE0B413E473D}.Release|x64.ActiveCfg = Release|Any CPU
		{8044DD7B-86EA-4F63-880D-FE0B413E473D}.Release|x64.Build.0 = Release|Any CPU
		{8044DD7B-86EA-4F63-880D-FE0B413E473D}.Release|x86.ActiveCfg = Release|Any CPU
		{8044DD7B-86EA-4F63-880D-FE0B413E473D}.Release|x86.Build.0 = Release|Any CPU
		{EDACF050-99CF-4E48-8A39-55774F516380}.Debug|Any CPU.ActiveCfg = Debug|Any CPU
		{EDACF050-99CF-4E48-8A39-55774F516380}.Debug|Any CPU.Build.0 = Debug|Any CPU
		{EDACF050-99CF-4E48-8A39-55774F516380}.Debug|x64.ActiveCfg = Debug|Any CPU
		{EDACF050-99CF-4E48-8A39-55774F516380}.Debug|x64.Build.0 = Debug|Any CPU
		{EDACF050-99CF-4E48-8A39-55774F516380}.Debug|x86.ActiveCfg = Debug|Any CPU
		{EDACF050-99CF-4E48-8A39-55774F516380}.Debug|x86.Build.0 = Debug|Any CPU
		{EDACF050-99CF-4E48-8A39-55774F516380}.Release|Any CPU.ActiveCfg = Release|Any CPU
		{EDACF050-99CF-4E48-8A39-55774F516380}.Release|Any CPU.Build.0 = Release|Any CPU
		{EDACF050-99CF-4E48-8A39-55774F516380}.Release|x64.ActiveCfg = Release|Any CPU
		{EDACF050-99CF-4E48-8A39-55774F516380}.Release|x64.Build.0 = Release|Any CPU
		{EDACF050-99CF-4E48-8A39-55774F516380}.Release|x86.ActiveCfg = Release|Any CPU
		{EDACF050-99CF-4E48-8A39-55774F516380}.Release|x86.Build.0 = Release|Any CPU
	EndGlobalSection
	GlobalSection(SolutionProperties) = preSolution
		HideSolutionNode = FALSE
	EndGlobalSection
	GlobalSection(ExtensibilityGlobals) = postSolution
		SolutionGuid = {3DD568B1-5BCF-4B24-A873-BB9B096A58B1}
	EndGlobalSection
EndGlobal
